
Microsoft Visual Studio Solution File, Format Version 12.00
# Visual Studio Version 17
VisualStudioVersion = 17.9.34607.119
MinimumVisualStudioVersion = 10.0.40219.1
Project("{FAE04EC0-301F-11D3-BF4B-00C04F79EFBC}") = "TenexCars", "TenexCars\TenexCars.csproj", "{70AF5E7C-4A1D-4C27-93BD-1238314B3B9B}"
EndProject
Project("{FAE04EC0-301F-11D3-BF4B-00C04F79EFBC}") = "TenexCars.DataAccess", "TenexCars.DataAccess\TenexCars.DataAccess.csproj", "{C619CE3A-FEBD-45CE-8B8C-758BDE7F8B39}"
EndProject
Global
	GlobalSection(SolutionConfigurationPlatforms) = preSolution
		Debug|Any CPU = Debug|Any CPU
		Release|Any CPU = Release|Any CPU
	EndGlobalSection
	GlobalSection(ProjectConfigurationPlatforms) = postSolution
		{70AF5E7C-4A1D-4C27-93BD-1238314B3B9B}.Debug|Any CPU.ActiveCfg = Debug|Any CPU
		{70AF5E7C-4A1D-4C27-93BD-1238314B3B9B}.Debug|Any CPU.Build.0 = Debug|Any CPU
		{70AF5E7C-4A1D-4C27-93BD-1238314B3B9B}.Release|Any CPU.ActiveCfg = Release|Any CPU
		{70AF5E7C-4A1D-4C27-93BD-1238314B3B9B}.Release|Any CPU.Build.0 = Release|Any CPU
		{C619CE3A-FEBD-45CE-8B8C-758BDE7F8B39}.Debug|Any CPU.ActiveCfg = Debug|Any CPU
		{C619CE3A-FEBD-45CE-8B8C-758BDE7F8B39}.Debug|Any CPU.Build.0 = Debug|Any CPU
		{C619CE3A-FEBD-45CE-8B8C-758BDE7F8B39}.Release|Any CPU.ActiveCfg = Release|Any CPU
		{C619CE3A-FEBD-45CE-8B8C-758BDE7F8B39}.Release|Any CPU.Build.0 = Release|Any CPU
	EndGlobalSection
	GlobalSection(SolutionProperties) = preSolution
		HideSolutionNode = FALSE
	EndGlobalSection
	GlobalSection(ExtensibilityGlobals) = postSolution
		SolutionGuid = {A88420BA-C31C-4616-BBB3-30335A2FF7B6}
	EndGlobalSection
EndGlobal
